
Microsoft Visual Studio Solution File, Format Version 12.00
# Visual Studio Version 17
VisualStudioVersion = 17.3.32929.385
MinimumVisualStudioVersion = 10.0.40219.1
Project("{FAE04EC0-301F-11D3-BF4B-00C04F79EFBC}") = "DalFacade", "DalFacade.csproj", "{7CE06BD5-041B-4F03-B572-3F8C22017ED4}"
EndProject
Global
	GlobalSection(SolutionConfigurationPlatforms) = preSolution
		Debug|Any CPU = Debug|Any CPU
		Release|Any CPU = Release|Any CPU
	EndGlobalSection
	GlobalSection(ProjectConfigurationPlatforms) = postSolution
		{7CE06BD5-041B-4F03-B572-3F8C22017ED4}.Debug|Any CPU.ActiveCfg = Debug|Any CPU
		{7CE06BD5-041B-4F03-B572-3F8C22017ED4}.Debug|Any CPU.Build.0 = Debug|Any CPU
		{7CE06BD5-041B-4F03-B572-3F8C22017ED4}.Release|Any CPU.ActiveCfg = Release|Any CPU
		{7CE06BD5-041B-4F03-B572-3F8C22017ED4}.Release|Any CPU.Build.0 = Release|Any CPU
	EndGlobalSection
	GlobalSection(SolutionProperties) = preSolution
		HideSolutionNode = FALSE
	EndGlobalSection
	GlobalSection(ExtensibilityGlobals) = postSolution
		SolutionGuid = {11A4B943-E5FF-47D0-9003-D1D8C60C3DAC}
	EndGlobalSection
EndGlobal
