
Microsoft Visual Studio Solution File, Format Version 12.00
# Visual Studio Version 17
VisualStudioVersion = 17.3.32929.385
MinimumVisualStudioVersion = 10.0.40219.1
Project("{FAE04EC0-301F-11D3-BF4B-00C04F79EFBC}") = "DalTest", "DalTest.csproj", "{D7F8BC4F-2AD2-4C62-A330-551C61D133A3}"
EndProject
Global
	GlobalSection(SolutionConfigurationPlatforms) = preSolution
		Debug|Any CPU = Debug|Any CPU
		Release|Any CPU = Release|Any CPU
	EndGlobalSection
	GlobalSection(ProjectConfigurationPlatforms) = postSolution
		{D7F8BC4F-2AD2-4C62-A330-551C61D133A3}.Debug|Any CPU.ActiveCfg = Debug|Any CPU
		{D7F8BC4F-2AD2-4C62-A330-551C61D133A3}.Debug|Any CPU.Build.0 = Debug|Any CPU
		{D7F8BC4F-2AD2-4C62-A330-551C61D133A3}.Release|Any CPU.ActiveCfg = Release|Any CPU
		{D7F8BC4F-2AD2-4C62-A330-551C61D133A3}.Release|Any CPU.Build.0 = Release|Any CPU
	EndGlobalSection
	GlobalSection(SolutionProperties) = preSolution
		HideSolutionNode = FALSE
	EndGlobalSection
	GlobalSection(ExtensibilityGlobals) = postSolution
		SolutionGuid = {2F5D0323-30BF-4BA1-9CF3-964D07263B03}
	EndGlobalSection
EndGlobal
